<Solution>
  <Configurations>
    <BuildType Name="Debug" />
    <BuildType Name="DebugFast" />
    <BuildType Name="Release" />
  </Configurations>
  <Folder Name="/解决方案项/">
    <File Path="build-plugin.ps1" />
    <File Path="Directory.Build.props" />
    <File Path="Directory.Packages.props" />
  </Folder>
  <Project Path="ArchiSteamFarm/ArchiSteamFarm/ArchiSteamFarm.csproj" />
  <Project Path="ASFPasswordChanger/ASFPasswordChanger.csproj" />
</Solution>
